{
  "name": "sanic_restplus",
  "version": "0.3.5",
  "lockfileVersion": 1,
  "requires": true,
  "dependencies": {
    "swagger-ui-dist": {
      "version": "3.22.1",
      "resolved": "https://registry.npmjs.org/swagger-ui-dist/-/swagger-ui-dist-3.22.1.tgz",
      "integrity": "sha512-KITbEqXkXrjGH12A0lpVZlH3uODFkwUh8d15My1YD4N0PSZDnIiC1iMFT6ryyuJxDYWZh0qezKpPqa5FRowngw=="
    },
    "typeface-droid-sans": {
      "version": "0.0.44",
      "resolved": "https://registry.npmjs.org/typeface-droid-sans/-/typeface-droid-sans-0.0.44.tgz",
      "integrity": "sha512-17LHqtBY7WuxBF0fbRvt3SWm5EpBj0OJKvaDH2l2cujYk0l/13AXH96nPFIpPnfhw6KntYa5IMhJGGq89uzFzQ=="
    }
  }
}
